
Microsoft Visual Studio Solution File, Format Version 12.00
# Visual Studio Version 16
VisualStudioVersion = 16.0.29926.136
MinimumVisualStudioVersion = 10.0.40219.1
Project("{FAE04EC0-301F-11D3-BF4B-00C04F79EFBC}") = "Organiser", "Organiser\Organiser.csproj", "{A060F1C6-0E40-447B-AF06-4B9E16A64A80}"
EndProject
Project("{2150E333-8FDC-42A3-9474-1A3956D46DE8}") = "Domain", "Domain", "{2EFE1E27-9742-416C-BDDD-EE3D3A4E66C9}"
EndProject
Project("{2150E333-8FDC-42A3-9474-1A3956D46DE8}") = "Application", "Application", "{83B51123-279F-4460-827B-2130D36D203E}"
EndProject
Project("{2150E333-8FDC-42A3-9474-1A3956D46DE8}") = "Infrastructure", "Infrastructure", "{DE881DF4-9722-4618-89CE-37646A50B6BB}"
EndProject
Project("{2150E333-8FDC-42A3-9474-1A3956D46DE8}") = "Clients", "Clients", "{93C12F96-64B2-449A-B0AC-BE9AAF2240CC}"
EndProject
Project("{2150E333-8FDC-42A3-9474-1A3956D46DE8}") = "Platforms", "Platforms", "{EA706130-11B4-4CD0-8E75-C00BCBE351F5}"
EndProject
Project("{FAE04EC0-301F-11D3-BF4B-00C04F79EFBC}") = "Application.Models", "Organiser\dev\Application.Models\Application.Models.csproj", "{8C8AB061-2340-4C85-9F88-C1483A964D4A}"
EndProject
Project("{FAE04EC0-301F-11D3-BF4B-00C04F79EFBC}") = "Application.Interfaces", "Organiser\dev\Application.Interfaces\Application.Interfaces.csproj", "{6E454C69-6DF1-49E0-AB64-DA899B9E556F}"
EndProject
Project("{FAE04EC0-301F-11D3-BF4B-00C04F79EFBC}") = "Domain.Models", "Organiser\dev\Domain.Models\Domain.Models.csproj", "{194A6D63-2884-42B1-87FC-DCDFCA79088C}"
EndProject
Project("{FAE04EC0-301F-11D3-BF4B-00C04F79EFBC}") = "Domain.Interfaces", "Organiser\dev\Domain.Interfaces\Domain.Interfaces.csproj", "{D624FA64-07D6-47E3-AD59-5247776DE3C1}"
EndProject
Project("{FAE04EC0-301F-11D3-BF4B-00C04F79EFBC}") = "Infrastructure.Business", "Organiser\dev\Infrastructure.Business\Infrastructure.Business.csproj", "{F49748CB-1B3C-42E1-95AB-C6D905D0A188}"
EndProject
Project("{FAE04EC0-301F-11D3-BF4B-00C04F79EFBC}") = "Infrastructure.Data", "Organiser\dev\Infrastructure.Data\Infrastructure.Data.csproj", "{7757530F-D01A-4ABD-9F86-599995DC5654}"
EndProject
Project("{FAE04EC0-301F-11D3-BF4B-00C04F79EFBC}") = "Clients", "Organiser\dev\Clients\Clients.csproj", "{4AC7D5B5-A76B-4CA7-8C43-0375A8CD6969}"
EndProject
Project("{FAE04EC0-301F-11D3-BF4B-00C04F79EFBC}") = "Clients.Controls", "Organiser\dev\Clients.Controls\Clients.Controls.csproj", "{67ADAEA2-F80A-4EB1-AAB4-952EFF8D8671}"
EndProject
Project("{FAE04EC0-301F-11D3-BF4B-00C04F79EFBC}") = "Platforms.Android", "Organiser\dev\Platforms.Android\Platforms.Android.csproj", "{DB28D17D-232E-4650-A932-7B8AF7E0D271}"
EndProject
Project("{2150E333-8FDC-42A3-9474-1A3956D46DE8}") = "Data", "Data", "{C6D916DF-BA1A-4677-A508-255FA3C89227}"
EndProject
Global
	GlobalSection(SolutionConfigurationPlatforms) = preSolution
		Debug|Any CPU = Debug|Any CPU
		Release|Any CPU = Release|Any CPU
	EndGlobalSection
	GlobalSection(ProjectConfigurationPlatforms) = postSolution
		{A060F1C6-0E40-447B-AF06-4B9E16A64A80}.Debug|Any CPU.ActiveCfg = Debug|Any CPU
		{A060F1C6-0E40-447B-AF06-4B9E16A64A80}.Debug|Any CPU.Build.0 = Debug|Any CPU
		{A060F1C6-0E40-447B-AF06-4B9E16A64A80}.Debug|Any CPU.Deploy.0 = Debug|Any CPU
		{A060F1C6-0E40-447B-AF06-4B9E16A64A80}.Release|Any CPU.ActiveCfg = Release|Any CPU
		{A060F1C6-0E40-447B-AF06-4B9E16A64A80}.Release|Any CPU.Build.0 = Release|Any CPU
		{A060F1C6-0E40-447B-AF06-4B9E16A64A80}.Release|Any CPU.Deploy.0 = Release|Any CPU
		{8C8AB061-2340-4C85-9F88-C1483A964D4A}.Debug|Any CPU.ActiveCfg = Debug|Any CPU
		{8C8AB061-2340-4C85-9F88-C1483A964D4A}.Debug|Any CPU.Build.0 = Debug|Any CPU
		{8C8AB061-2340-4C85-9F88-C1483A964D4A}.Release|Any CPU.ActiveCfg = Release|Any CPU
		{8C8AB061-2340-4C85-9F88-C1483A964D4A}.Release|Any CPU.Build.0 = Release|Any CPU
		{6E454C69-6DF1-49E0-AB64-DA899B9E556F}.Debug|Any CPU.ActiveCfg = Debug|Any CPU
		{6E454C69-6DF1-49E0-AB64-DA899B9E556F}.Debug|Any CPU.Build.0 = Debug|Any CPU
		{6E454C69-6DF1-49E0-AB64-DA899B9E556F}.Release|Any CPU.ActiveCfg = Release|Any CPU
		{6E454C69-6DF1-49E0-AB64-DA899B9E556F}.Release|Any CPU.Build.0 = Release|Any CPU
		{194A6D63-2884-42B1-87FC-DCDFCA79088C}.Debug|Any CPU.ActiveCfg = Debug|Any CPU
		{194A6D63-2884-42B1-87FC-DCDFCA79088C}.Debug|Any CPU.Build.0 = Debug|Any CPU
		{194A6D63-2884-42B1-87FC-DCDFCA79088C}.Release|Any CPU.ActiveCfg = Release|Any CPU
		{194A6D63-2884-42B1-87FC-DCDFCA79088C}.Release|Any CPU.Build.0 = Release|Any CPU
		{D624FA64-07D6-47E3-AD59-5247776DE3C1}.Debug|Any CPU.ActiveCfg = Debug|Any CPU
		{D624FA64-07D6-47E3-AD59-5247776DE3C1}.Debug|Any CPU.Build.0 = Debug|Any CPU
		{D624FA64-07D6-47E3-AD59-5247776DE3C1}.Release|Any CPU.ActiveCfg = Release|Any CPU
		{D624FA64-07D6-47E3-AD59-5247776DE3C1}.Release|Any CPU.Build.0 = Release|Any CPU
		{F49748CB-1B3C-42E1-95AB-C6D905D0A188}.Debug|Any CPU.ActiveCfg = Debug|Any CPU
		{F49748CB-1B3C-42E1-95AB-C6D905D0A188}.Debug|Any CPU.Build.0 = Debug|Any CPU
		{F49748CB-1B3C-42E1-95AB-C6D905D0A188}.Release|Any CPU.ActiveCfg = Release|Any CPU
		{F49748CB-1B3C-42E1-95AB-C6D905D0A188}.Release|Any CPU.Build.0 = Release|Any CPU
		{7757530F-D01A-4ABD-9F86-599995DC5654}.Debug|Any CPU.ActiveCfg = Debug|Any CPU
		{7757530F-D01A-4ABD-9F86-599995DC5654}.Debug|Any CPU.Build.0 = Debug|Any CPU
		{7757530F-D01A-4ABD-9F86-599995DC5654}.Release|Any CPU.ActiveCfg = Release|Any CPU
		{7757530F-D01A-4ABD-9F86-599995DC5654}.Release|Any CPU.Build.0 = Release|Any CPU
		{4AC7D5B5-A76B-4CA7-8C43-0375A8CD6969}.Debug|Any CPU.ActiveCfg = Debug|Any CPU
		{4AC7D5B5-A76B-4CA7-8C43-0375A8CD6969}.Debug|Any CPU.Build.0 = Debug|Any CPU
		{4AC7D5B5-A76B-4CA7-8C43-0375A8CD6969}.Release|Any CPU.ActiveCfg = Release|Any CPU
		{4AC7D5B5-A76B-4CA7-8C43-0375A8CD6969}.Release|Any CPU.Build.0 = Release|Any CPU
		{67ADAEA2-F80A-4EB1-AAB4-952EFF8D8671}.Debug|Any CPU.ActiveCfg = Debug|Any CPU
		{67ADAEA2-F80A-4EB1-AAB4-952EFF8D8671}.Debug|Any CPU.Build.0 = Debug|Any CPU
		{67ADAEA2-F80A-4EB1-AAB4-952EFF8D8671}.Release|Any CPU.ActiveCfg = Release|Any CPU
		{67ADAEA2-F80A-4EB1-AAB4-952EFF8D8671}.Release|Any CPU.Build.0 = Release|Any CPU
		{DB28D17D-232E-4650-A932-7B8AF7E0D271}.Debug|Any CPU.ActiveCfg = Debug|Any CPU
		{DB28D17D-232E-4650-A932-7B8AF7E0D271}.Debug|Any CPU.Build.0 = Debug|Any CPU
		{DB28D17D-232E-4650-A932-7B8AF7E0D271}.Release|Any CPU.ActiveCfg = Release|Any CPU
		{DB28D17D-232E-4650-A932-7B8AF7E0D271}.Release|Any CPU.Build.0 = Release|Any CPU
	EndGlobalSection
	GlobalSection(SolutionProperties) = preSolution
		HideSolutionNode = FALSE
	EndGlobalSection
	GlobalSection(NestedProjects) = preSolution
		{8C8AB061-2340-4C85-9F88-C1483A964D4A} = {83B51123-279F-4460-827B-2130D36D203E}
		{6E454C69-6DF1-49E0-AB64-DA899B9E556F} = {83B51123-279F-4460-827B-2130D36D203E}
		{194A6D63-2884-42B1-87FC-DCDFCA79088C} = {2EFE1E27-9742-416C-BDDD-EE3D3A4E66C9}
		{D624FA64-07D6-47E3-AD59-5247776DE3C1} = {2EFE1E27-9742-416C-BDDD-EE3D3A4E66C9}
		{F49748CB-1B3C-42E1-95AB-C6D905D0A188} = {DE881DF4-9722-4618-89CE-37646A50B6BB}
		{7757530F-D01A-4ABD-9F86-599995DC5654} = {DE881DF4-9722-4618-89CE-37646A50B6BB}
		{4AC7D5B5-A76B-4CA7-8C43-0375A8CD6969} = {93C12F96-64B2-449A-B0AC-BE9AAF2240CC}
		{67ADAEA2-F80A-4EB1-AAB4-952EFF8D8671} = {93C12F96-64B2-449A-B0AC-BE9AAF2240CC}
		{DB28D17D-232E-4650-A932-7B8AF7E0D271} = {EA706130-11B4-4CD0-8E75-C00BCBE351F5}
	EndGlobalSection
	GlobalSection(ExtensibilityGlobals) = postSolution
		SolutionGuid = {19BA4C06-28A3-4D73-8A5B-517E19256F95}
	EndGlobalSection
EndGlobal
