
Microsoft Visual Studio Solution File, Format Version 12.00
# Visual Studio Version 16
VisualStudioVersion = 16.0.29926.136
MinimumVisualStudioVersion = 10.0.40219.1
Project("{FAE04EC0-301F-11D3-BF4B-00C04F79EFBC}") = "Application.Interfaces", "Organiser\dev\Application.Interfaces\Application.Interfaces.csproj", "{6E454C69-6DF1-49E0-AB64-DA899B9E556F}"
EndProject
Project("{FAE04EC0-301F-11D3-BF4B-00C04F79EFBC}") = "Application.Models", "Organiser\dev\Application.Models\Application.Models.csproj", "{8C8AB061-2340-4C85-9F88-C1483A964D4A}"
EndProject
Project("{2150E333-8FDC-42A3-9474-1A3956D46DE8}") = "Application", "Application", "{6F999C43-1434-433C-879A-55BA58871FCB}"
EndProject
Project("{FAE04EC0-301F-11D3-BF4B-00C04F79EFBC}") = "Domain.Interfaces", "Organiser\dev\Domain.Interfaces\Domain.Interfaces.csproj", "{D624FA64-07D6-47E3-AD59-5247776DE3C1}"
EndProject
Project("{FAE04EC0-301F-11D3-BF4B-00C04F79EFBC}") = "Domain.Models", "Organiser\dev\Domain.Models\Domain.Models.csproj", "{194A6D63-2884-42B1-87FC-DCDFCA79088C}"
EndProject
Project("{FAE04EC0-301F-11D3-BF4B-00C04F79EFBC}") = "Infrastructure.Business", "Organiser\dev\Infrastructure.Business\Infrastructure.Business.csproj", "{F49748CB-1B3C-42E1-95AB-C6D905D0A188}"
EndProject
Project("{FAE04EC0-301F-11D3-BF4B-00C04F79EFBC}") = "Infrastructure.Data", "Organiser\dev\Infrastructure.Data\Infrastructure.Data.csproj", "{7757530F-D01A-4ABD-9F86-599995DC5654}"
EndProject
Project("{FAE04EC0-301F-11D3-BF4B-00C04F79EFBC}") = "Organiser.Controls", "Organiser\dev\Organiser.Controls\Organiser.Controls.csproj", "{7428BD41-C5BB-4CF0-866F-636428E6C4CF}"
EndProject
Project("{FAE04EC0-301F-11D3-BF4B-00C04F79EFBC}") = "Platforms.Android", "Organiser\dev\Platforms.Android\Platforms.Android.csproj", "{DB28D17D-232E-4650-A932-7B8AF7E0D271}"
EndProject
Project("{2150E333-8FDC-42A3-9474-1A3956D46DE8}") = "Domain", "Domain", "{7B71B265-BCA7-4DE4-8688-96BE9CFEDA19}"
EndProject
Project("{2150E333-8FDC-42A3-9474-1A3956D46DE8}") = "Infrastructure", "Infrastructure", "{A88EF31A-65EC-4DC9-BA68-33D51511C60A}"
EndProject
Project("{2150E333-8FDC-42A3-9474-1A3956D46DE8}") = "Platforms", "Platforms", "{116AF5B6-5827-47C0-9F07-F8458A4B33BE}"
EndProject
Project("{2150E333-8FDC-42A3-9474-1A3956D46DE8}") = "MainApp", "MainApp", "{1A18848B-FE9C-42A2-9CC4-43EAAFBE6952}"
EndProject
Project("{FAE04EC0-301F-11D3-BF4B-00C04F79EFBC}") = "Organiser", "Organiser\dev\Organiser\Organiser.csproj", "{29011264-06A5-4EA9-936E-C6D7991C9941}"
EndProject
Project("{FAE04EC0-301F-11D3-BF4B-00C04F79EFBC}") = "sdfs", "sdfs\sdfs.csproj", "{8CDE633F-17BB-4EE2-8BF4-8BC868539F5E}"
EndProject
Project("{FAE04EC0-301F-11D3-BF4B-00C04F79EFBC}") = "setwte", "setwte\setwte.csproj", "{FC0B0A78-0831-4FF4-9583-BD1D9F785F70}"
EndProject
Project("{FAE04EC0-301F-11D3-BF4B-00C04F79EFBC}") = "sdhrd.Android", "sdhrd\sdhrd.Android\sdhrd.Android.csproj", "{B6D40C02-BCA0-4D35-9108-1E23EDEE7689}"
EndProject
Project("{FAE04EC0-301F-11D3-BF4B-00C04F79EFBC}") = "sdhrd", "sdhrd\sdhrd\sdhrd.csproj", "{795C0D59-22B1-44D4-B3DE-E93165B76B66}"
EndProject
Project("{FAE04EC0-301F-11D3-BF4B-00C04F79EFBC}") = "ags", "ags\ags.csproj", "{DC989FCB-208D-4052-8805-4D161A3A4E1E}"
EndProject
Global
	GlobalSection(SolutionConfigurationPlatforms) = preSolution
		Debug|Any CPU = Debug|Any CPU
		Debug|ARM = Debug|ARM
		Debug|ARM64 = Debug|ARM64
		Debug|x64 = Debug|x64
		Debug|x86 = Debug|x86
		Release|Any CPU = Release|Any CPU
		Release|ARM = Release|ARM
		Release|ARM64 = Release|ARM64
		Release|x64 = Release|x64
		Release|x86 = Release|x86
	EndGlobalSection
	GlobalSection(ProjectConfigurationPlatforms) = postSolution
		{6E454C69-6DF1-49E0-AB64-DA899B9E556F}.Debug|Any CPU.ActiveCfg = Debug|Any CPU
		{6E454C69-6DF1-49E0-AB64-DA899B9E556F}.Debug|Any CPU.Build.0 = Debug|Any CPU
		{6E454C69-6DF1-49E0-AB64-DA899B9E556F}.Debug|ARM.ActiveCfg = Debug|Any CPU
		{6E454C69-6DF1-49E0-AB64-DA899B9E556F}.Debug|ARM.Build.0 = Debug|Any CPU
		{6E454C69-6DF1-49E0-AB64-DA899B9E556F}.Debug|ARM64.ActiveCfg = Debug|Any CPU
		{6E454C69-6DF1-49E0-AB64-DA899B9E556F}.Debug|ARM64.Build.0 = Debug|Any CPU
		{6E454C69-6DF1-49E0-AB64-DA899B9E556F}.Debug|x64.ActiveCfg = Debug|Any CPU
		{6E454C69-6DF1-49E0-AB64-DA899B9E556F}.Debug|x64.Build.0 = Debug|Any CPU
		{6E454C69-6DF1-49E0-AB64-DA899B9E556F}.Debug|x86.ActiveCfg = Debug|Any CPU
		{6E454C69-6DF1-49E0-AB64-DA899B9E556F}.Debug|x86.Build.0 = Debug|Any CPU
		{6E454C69-6DF1-49E0-AB64-DA899B9E556F}.Release|Any CPU.ActiveCfg = Release|Any CPU
		{6E454C69-6DF1-49E0-AB64-DA899B9E556F}.Release|Any CPU.Build.0 = Release|Any CPU
		{6E454C69-6DF1-49E0-AB64-DA899B9E556F}.Release|ARM.ActiveCfg = Release|Any CPU
		{6E454C69-6DF1-49E0-AB64-DA899B9E556F}.Release|ARM.Build.0 = Release|Any CPU
		{6E454C69-6DF1-49E0-AB64-DA899B9E556F}.Release|ARM64.ActiveCfg = Release|Any CPU
		{6E454C69-6DF1-49E0-AB64-DA899B9E556F}.Release|ARM64.Build.0 = Release|Any CPU
		{6E454C69-6DF1-49E0-AB64-DA899B9E556F}.Release|x64.ActiveCfg = Release|Any CPU
		{6E454C69-6DF1-49E0-AB64-DA899B9E556F}.Release|x64.Build.0 = Release|Any CPU
		{6E454C69-6DF1-49E0-AB64-DA899B9E556F}.Release|x86.ActiveCfg = Release|Any CPU
		{6E454C69-6DF1-49E0-AB64-DA899B9E556F}.Release|x86.Build.0 = Release|Any CPU
		{8C8AB061-2340-4C85-9F88-C1483A964D4A}.Debug|Any CPU.ActiveCfg = Debug|Any CPU
		{8C8AB061-2340-4C85-9F88-C1483A964D4A}.Debug|Any CPU.Build.0 = Debug|Any CPU
		{8C8AB061-2340-4C85-9F88-C1483A964D4A}.Debug|ARM.ActiveCfg = Debug|Any CPU
		{8C8AB061-2340-4C85-9F88-C1483A964D4A}.Debug|ARM.Build.0 = Debug|Any CPU
		{8C8AB061-2340-4C85-9F88-C1483A964D4A}.Debug|ARM64.ActiveCfg = Debug|Any CPU
		{8C8AB061-2340-4C85-9F88-C1483A964D4A}.Debug|ARM64.Build.0 = Debug|Any CPU
		{8C8AB061-2340-4C85-9F88-C1483A964D4A}.Debug|x64.ActiveCfg = Debug|Any CPU
		{8C8AB061-2340-4C85-9F88-C1483A964D4A}.Debug|x64.Build.0 = Debug|Any CPU
		{8C8AB061-2340-4C85-9F88-C1483A964D4A}.Debug|x86.ActiveCfg = Debug|Any CPU
		{8C8AB061-2340-4C85-9F88-C1483A964D4A}.Debug|x86.Build.0 = Debug|Any CPU
		{8C8AB061-2340-4C85-9F88-C1483A964D4A}.Release|Any CPU.ActiveCfg = Release|Any CPU
		{8C8AB061-2340-4C85-9F88-C1483A964D4A}.Release|Any CPU.Build.0 = Release|Any CPU
		{8C8AB061-2340-4C85-9F88-C1483A964D4A}.Release|ARM.ActiveCfg = Release|Any CPU
		{8C8AB061-2340-4C85-9F88-C1483A964D4A}.Release|ARM.Build.0 = Release|Any CPU
		{8C8AB061-2340-4C85-9F88-C1483A964D4A}.Release|ARM64.ActiveCfg = Release|Any CPU
		{8C8AB061-2340-4C85-9F88-C1483A964D4A}.Release|ARM64.Build.0 = Release|Any CPU
		{8C8AB061-2340-4C85-9F88-C1483A964D4A}.Release|x64.ActiveCfg = Release|Any CPU
		{8C8AB061-2340-4C85-9F88-C1483A964D4A}.Release|x64.Build.0 = Release|Any CPU
		{8C8AB061-2340-4C85-9F88-C1483A964D4A}.Release|x86.ActiveCfg = Release|Any CPU
		{8C8AB061-2340-4C85-9F88-C1483A964D4A}.Release|x86.Build.0 = Release|Any CPU
		{D624FA64-07D6-47E3-AD59-5247776DE3C1}.Debug|Any CPU.ActiveCfg = Debug|Any CPU
		{D624FA64-07D6-47E3-AD59-5247776DE3C1}.Debug|Any CPU.Build.0 = Debug|Any CPU
		{D624FA64-07D6-47E3-AD59-5247776DE3C1}.Debug|ARM.ActiveCfg = Debug|Any CPU
		{D624FA64-07D6-47E3-AD59-5247776DE3C1}.Debug|ARM.Build.0 = Debug|Any CPU
		{D624FA64-07D6-47E3-AD59-5247776DE3C1}.Debug|ARM64.ActiveCfg = Debug|Any CPU
		{D624FA64-07D6-47E3-AD59-5247776DE3C1}.Debug|ARM64.Build.0 = Debug|Any CPU
		{D624FA64-07D6-47E3-AD59-5247776DE3C1}.Debug|x64.ActiveCfg = Debug|Any CPU
		{D624FA64-07D6-47E3-AD59-5247776DE3C1}.Debug|x64.Build.0 = Debug|Any CPU
		{D624FA64-07D6-47E3-AD59-5247776DE3C1}.Debug|x86.ActiveCfg = Debug|Any CPU
		{D624FA64-07D6-47E3-AD59-5247776DE3C1}.Debug|x86.Build.0 = Debug|Any CPU
		{D624FA64-07D6-47E3-AD59-5247776DE3C1}.Release|Any CPU.ActiveCfg = Release|Any CPU
		{D624FA64-07D6-47E3-AD59-5247776DE3C1}.Release|Any CPU.Build.0 = Release|Any CPU
		{D624FA64-07D6-47E3-AD59-5247776DE3C1}.Release|ARM.ActiveCfg = Release|Any CPU
		{D624FA64-07D6-47E3-AD59-5247776DE3C1}.Release|ARM.Build.0 = Release|Any CPU
		{D624FA64-07D6-47E3-AD59-5247776DE3C1}.Release|ARM64.ActiveCfg = Release|Any CPU
		{D624FA64-07D6-47E3-AD59-5247776DE3C1}.Release|ARM64.Build.0 = Release|Any CPU
		{D624FA64-07D6-47E3-AD59-5247776DE3C1}.Release|x64.ActiveCfg = Release|Any CPU
		{D624FA64-07D6-47E3-AD59-5247776DE3C1}.Release|x64.Build.0 = Release|Any CPU
		{D624FA64-07D6-47E3-AD59-5247776DE3C1}.Release|x86.ActiveCfg = Release|Any CPU
		{D624FA64-07D6-47E3-AD59-5247776DE3C1}.Release|x86.Build.0 = Release|Any CPU
		{194A6D63-2884-42B1-87FC-DCDFCA79088C}.Debug|Any CPU.ActiveCfg = Debug|Any CPU
		{194A6D63-2884-42B1-87FC-DCDFCA79088C}.Debug|Any CPU.Build.0 = Debug|Any CPU
		{194A6D63-2884-42B1-87FC-DCDFCA79088C}.Debug|ARM.ActiveCfg = Debug|Any CPU
		{194A6D63-2884-42B1-87FC-DCDFCA79088C}.Debug|ARM.Build.0 = Debug|Any CPU
		{194A6D63-2884-42B1-87FC-DCDFCA79088C}.Debug|ARM64.ActiveCfg = Debug|Any CPU
		{194A6D63-2884-42B1-87FC-DCDFCA79088C}.Debug|ARM64.Build.0 = Debug|Any CPU
		{194A6D63-2884-42B1-87FC-DCDFCA79088C}.Debug|x64.ActiveCfg = Debug|Any CPU
		{194A6D63-2884-42B1-87FC-DCDFCA79088C}.Debug|x64.Build.0 = Debug|Any CPU
		{194A6D63-2884-42B1-87FC-DCDFCA79088C}.Debug|x86.ActiveCfg = Debug|Any CPU
		{194A6D63-2884-42B1-87FC-DCDFCA79088C}.Debug|x86.Build.0 = Debug|Any CPU
		{194A6D63-2884-42B1-87FC-DCDFCA79088C}.Release|Any CPU.ActiveCfg = Release|Any CPU
		{194A6D63-2884-42B1-87FC-DCDFCA79088C}.Release|Any CPU.Build.0 = Release|Any CPU
		{194A6D63-2884-42B1-87FC-DCDFCA79088C}.Release|ARM.ActiveCfg = Release|Any CPU
		{194A6D63-2884-42B1-87FC-DCDFCA79088C}.Release|ARM.Build.0 = Release|Any CPU
		{194A6D63-2884-42B1-87FC-DCDFCA79088C}.Release|ARM64.ActiveCfg = Release|Any CPU
		{194A6D63-2884-42B1-87FC-DCDFCA79088C}.Release|ARM64.Build.0 = Release|Any CPU
		{194A6D63-2884-42B1-87FC-DCDFCA79088C}.Release|x64.ActiveCfg = Release|Any CPU
		{194A6D63-2884-42B1-87FC-DCDFCA79088C}.Release|x64.Build.0 = Release|Any CPU
		{194A6D63-2884-42B1-87FC-DCDFCA79088C}.Release|x86.ActiveCfg = Release|Any CPU
		{194A6D63-2884-42B1-87FC-DCDFCA79088C}.Release|x86.Build.0 = Release|Any CPU
		{F49748CB-1B3C-42E1-95AB-C6D905D0A188}.Debug|Any CPU.ActiveCfg = Debug|Any CPU
		{F49748CB-1B3C-42E1-95AB-C6D905D0A188}.Debug|Any CPU.Build.0 = Debug|Any CPU
		{F49748CB-1B3C-42E1-95AB-C6D905D0A188}.Debug|ARM.ActiveCfg = Debug|Any CPU
		{F49748CB-1B3C-42E1-95AB-C6D905D0A188}.Debug|ARM.Build.0 = Debug|Any CPU
		{F49748CB-1B3C-42E1-95AB-C6D905D0A188}.Debug|ARM64.ActiveCfg = Debug|Any CPU
		{F49748CB-1B3C-42E1-95AB-C6D905D0A188}.Debug|ARM64.Build.0 = Debug|Any CPU
		{F49748CB-1B3C-42E1-95AB-C6D905D0A188}.Debug|x64.ActiveCfg = Debug|Any CPU
		{F49748CB-1B3C-42E1-95AB-C6D905D0A188}.Debug|x64.Build.0 = Debug|Any CPU
		{F49748CB-1B3C-42E1-95AB-C6D905D0A188}.Debug|x86.ActiveCfg = Debug|Any CPU
		{F49748CB-1B3C-42E1-95AB-C6D905D0A188}.Debug|x86.Build.0 = Debug|Any CPU
		{F49748CB-1B3C-42E1-95AB-C6D905D0A188}.Release|Any CPU.ActiveCfg = Release|Any CPU
		{F49748CB-1B3C-42E1-95AB-C6D905D0A188}.Release|Any CPU.Build.0 = Release|Any CPU
		{F49748CB-1B3C-42E1-95AB-C6D905D0A188}.Release|ARM.ActiveCfg = Release|Any CPU
		{F49748CB-1B3C-42E1-95AB-C6D905D0A188}.Release|ARM.Build.0 = Release|Any CPU
		{F49748CB-1B3C-42E1-95AB-C6D905D0A188}.Release|ARM64.ActiveCfg = Release|Any CPU
		{F49748CB-1B3C-42E1-95AB-C6D905D0A188}.Release|ARM64.Build.0 = Release|Any CPU
		{F49748CB-1B3C-42E1-95AB-C6D905D0A188}.Release|x64.ActiveCfg = Release|Any CPU
		{F49748CB-1B3C-42E1-95AB-C6D905D0A188}.Release|x64.Build.0 = Release|Any CPU
		{F49748CB-1B3C-42E1-95AB-C6D905D0A188}.Release|x86.ActiveCfg = Release|Any CPU
		{F49748CB-1B3C-42E1-95AB-C6D905D0A188}.Release|x86.Build.0 = Release|Any CPU
		{7757530F-D01A-4ABD-9F86-599995DC5654}.Debug|Any CPU.ActiveCfg = Debug|Any CPU
		{7757530F-D01A-4ABD-9F86-599995DC5654}.Debug|Any CPU.Build.0 = Debug|Any CPU
		{7757530F-D01A-4ABD-9F86-599995DC5654}.Debug|ARM.ActiveCfg = Debug|Any CPU
		{7757530F-D01A-4ABD-9F86-599995DC5654}.Debug|ARM.Build.0 = Debug|Any CPU
		{7757530F-D01A-4ABD-9F86-599995DC5654}.Debug|ARM64.ActiveCfg = Debug|Any CPU
		{7757530F-D01A-4ABD-9F86-599995DC5654}.Debug|ARM64.Build.0 = Debug|Any CPU
		{7757530F-D01A-4ABD-9F86-599995DC5654}.Debug|x64.ActiveCfg = Debug|Any CPU
		{7757530F-D01A-4ABD-9F86-599995DC5654}.Debug|x64.Build.0 = Debug|Any CPU
		{7757530F-D01A-4ABD-9F86-599995DC5654}.Debug|x86.ActiveCfg = Debug|Any CPU
		{7757530F-D01A-4ABD-9F86-599995DC5654}.Debug|x86.Build.0 = Debug|Any CPU
		{7757530F-D01A-4ABD-9F86-599995DC5654}.Release|Any CPU.ActiveCfg = Release|Any CPU
		{7757530F-D01A-4ABD-9F86-599995DC5654}.Release|Any CPU.Build.0 = Release|Any CPU
		{7757530F-D01A-4ABD-9F86-599995DC5654}.Release|ARM.ActiveCfg = Release|Any CPU
		{7757530F-D01A-4ABD-9F86-599995DC5654}.Release|ARM.Build.0 = Release|Any CPU
		{7757530F-D01A-4ABD-9F86-599995DC5654}.Release|ARM64.ActiveCfg = Release|Any CPU
		{7757530F-D01A-4ABD-9F86-599995DC5654}.Release|ARM64.Build.0 = Release|Any CPU
		{7757530F-D01A-4ABD-9F86-599995DC5654}.Release|x64.ActiveCfg = Release|Any CPU
		{7757530F-D01A-4ABD-9F86-599995DC5654}.Release|x64.Build.0 = Release|Any CPU
		{7757530F-D01A-4ABD-9F86-599995DC5654}.Release|x86.ActiveCfg = Release|Any CPU
		{7757530F-D01A-4ABD-9F86-599995DC5654}.Release|x86.Build.0 = Release|Any CPU
		{7428BD41-C5BB-4CF0-866F-636428E6C4CF}.Debug|Any CPU.ActiveCfg = Debug|Any CPU
		{7428BD41-C5BB-4CF0-866F-636428E6C4CF}.Debug|Any CPU.Build.0 = Debug|Any CPU
		{7428BD41-C5BB-4CF0-866F-636428E6C4CF}.Debug|ARM.ActiveCfg = Debug|Any CPU
		{7428BD41-C5BB-4CF0-866F-636428E6C4CF}.Debug|ARM.Build.0 = Debug|Any CPU
		{7428BD41-C5BB-4CF0-866F-636428E6C4CF}.Debug|ARM64.ActiveCfg = Debug|Any CPU
		{7428BD41-C5BB-4CF0-866F-636428E6C4CF}.Debug|ARM64.Build.0 = Debug|Any CPU
		{7428BD41-C5BB-4CF0-866F-636428E6C4CF}.Debug|x64.ActiveCfg = Debug|Any CPU
		{7428BD41-C5BB-4CF0-866F-636428E6C4CF}.Debug|x64.Build.0 = Debug|Any CPU
		{7428BD41-C5BB-4CF0-866F-636428E6C4CF}.Debug|x86.ActiveCfg = Debug|Any CPU
		{7428BD41-C5BB-4CF0-866F-636428E6C4CF}.Debug|x86.Build.0 = Debug|Any CPU
		{7428BD41-C5BB-4CF0-866F-636428E6C4CF}.Release|Any CPU.ActiveCfg = Release|Any CPU
		{7428BD41-C5BB-4CF0-866F-636428E6C4CF}.Release|Any CPU.Build.0 = Release|Any CPU
		{7428BD41-C5BB-4CF0-866F-636428E6C4CF}.Release|ARM.ActiveCfg = Release|Any CPU
		{7428BD41-C5BB-4CF0-866F-636428E6C4CF}.Release|ARM.Build.0 = Release|Any CPU
		{7428BD41-C5BB-4CF0-866F-636428E6C4CF}.Release|ARM64.ActiveCfg = Release|Any CPU
		{7428BD41-C5BB-4CF0-866F-636428E6C4CF}.Release|ARM64.Build.0 = Release|Any CPU
		{7428BD41-C5BB-4CF0-866F-636428E6C4CF}.Release|x64.ActiveCfg = Release|Any CPU
		{7428BD41-C5BB-4CF0-866F-636428E6C4CF}.Release|x64.Build.0 = Release|Any CPU
		{7428BD41-C5BB-4CF0-866F-636428E6C4CF}.Release|x86.ActiveCfg = Release|Any CPU
		{7428BD41-C5BB-4CF0-866F-636428E6C4CF}.Release|x86.Build.0 = Release|Any CPU
		{DB28D17D-232E-4650-A932-7B8AF7E0D271}.Debug|Any CPU.ActiveCfg = Debug|Any CPU
		{DB28D17D-232E-4650-A932-7B8AF7E0D271}.Debug|Any CPU.Build.0 = Debug|Any CPU
		{DB28D17D-232E-4650-A932-7B8AF7E0D271}.Debug|ARM.ActiveCfg = Debug|Any CPU
		{DB28D17D-232E-4650-A932-7B8AF7E0D271}.Debug|ARM.Build.0 = Debug|Any CPU
		{DB28D17D-232E-4650-A932-7B8AF7E0D271}.Debug|ARM64.ActiveCfg = Debug|Any CPU
		{DB28D17D-232E-4650-A932-7B8AF7E0D271}.Debug|ARM64.Build.0 = Debug|Any CPU
		{DB28D17D-232E-4650-A932-7B8AF7E0D271}.Debug|x64.ActiveCfg = Debug|Any CPU
		{DB28D17D-232E-4650-A932-7B8AF7E0D271}.Debug|x64.Build.0 = Debug|Any CPU
		{DB28D17D-232E-4650-A932-7B8AF7E0D271}.Debug|x86.ActiveCfg = Debug|Any CPU
		{DB28D17D-232E-4650-A932-7B8AF7E0D271}.Debug|x86.Build.0 = Debug|Any CPU
		{DB28D17D-232E-4650-A932-7B8AF7E0D271}.Release|Any CPU.ActiveCfg = Release|Any CPU
		{DB28D17D-232E-4650-A932-7B8AF7E0D271}.Release|Any CPU.Build.0 = Release|Any CPU
		{DB28D17D-232E-4650-A932-7B8AF7E0D271}.Release|ARM.ActiveCfg = Release|Any CPU
		{DB28D17D-232E-4650-A932-7B8AF7E0D271}.Release|ARM.Build.0 = Release|Any CPU
		{DB28D17D-232E-4650-A932-7B8AF7E0D271}.Release|ARM64.ActiveCfg = Release|Any CPU
		{DB28D17D-232E-4650-A932-7B8AF7E0D271}.Release|ARM64.Build.0 = Release|Any CPU
		{DB28D17D-232E-4650-A932-7B8AF7E0D271}.Release|x64.ActiveCfg = Release|Any CPU
		{DB28D17D-232E-4650-A932-7B8AF7E0D271}.Release|x64.Build.0 = Release|Any CPU
		{DB28D17D-232E-4650-A932-7B8AF7E0D271}.Release|x86.ActiveCfg = Release|Any CPU
		{DB28D17D-232E-4650-A932-7B8AF7E0D271}.Release|x86.Build.0 = Release|Any CPU
		{29011264-06A5-4EA9-936E-C6D7991C9941}.Debug|Any CPU.ActiveCfg = Debug|Any CPU
		{29011264-06A5-4EA9-936E-C6D7991C9941}.Debug|Any CPU.Build.0 = Debug|Any CPU
		{29011264-06A5-4EA9-936E-C6D7991C9941}.Debug|ARM.ActiveCfg = Debug|Any CPU
		{29011264-06A5-4EA9-936E-C6D7991C9941}.Debug|ARM.Build.0 = Debug|Any CPU
		{29011264-06A5-4EA9-936E-C6D7991C9941}.Debug|ARM64.ActiveCfg = Debug|Any CPU
		{29011264-06A5-4EA9-936E-C6D7991C9941}.Debug|ARM64.Build.0 = Debug|Any CPU
		{29011264-06A5-4EA9-936E-C6D7991C9941}.Debug|x64.ActiveCfg = Debug|Any CPU
		{29011264-06A5-4EA9-936E-C6D7991C9941}.Debug|x64.Build.0 = Debug|Any CPU
		{29011264-06A5-4EA9-936E-C6D7991C9941}.Debug|x86.ActiveCfg = Debug|Any CPU
		{29011264-06A5-4EA9-936E-C6D7991C9941}.Debug|x86.Build.0 = Debug|Any CPU
		{29011264-06A5-4EA9-936E-C6D7991C9941}.Release|Any CPU.ActiveCfg = Release|Any CPU
		{29011264-06A5-4EA9-936E-C6D7991C9941}.Release|Any CPU.Build.0 = Release|Any CPU
		{29011264-06A5-4EA9-936E-C6D7991C9941}.Release|ARM.ActiveCfg = Release|Any CPU
		{29011264-06A5-4EA9-936E-C6D7991C9941}.Release|ARM.Build.0 = Release|Any CPU
		{29011264-06A5-4EA9-936E-C6D7991C9941}.Release|ARM64.ActiveCfg = Release|Any CPU
		{29011264-06A5-4EA9-936E-C6D7991C9941}.Release|ARM64.Build.0 = Release|Any CPU
		{29011264-06A5-4EA9-936E-C6D7991C9941}.Release|x64.ActiveCfg = Release|Any CPU
		{29011264-06A5-4EA9-936E-C6D7991C9941}.Release|x64.Build.0 = Release|Any CPU
		{29011264-06A5-4EA9-936E-C6D7991C9941}.Release|x86.ActiveCfg = Release|Any CPU
		{29011264-06A5-4EA9-936E-C6D7991C9941}.Release|x86.Build.0 = Release|Any CPU
		{8CDE633F-17BB-4EE2-8BF4-8BC868539F5E}.Debug|Any CPU.ActiveCfg = Debug|Any CPU
		{8CDE633F-17BB-4EE2-8BF4-8BC868539F5E}.Debug|Any CPU.Build.0 = Debug|Any CPU
		{8CDE633F-17BB-4EE2-8BF4-8BC868539F5E}.Debug|ARM.ActiveCfg = Debug|ARM
		{8CDE633F-17BB-4EE2-8BF4-8BC868539F5E}.Debug|ARM.Build.0 = Debug|ARM
		{8CDE633F-17BB-4EE2-8BF4-8BC868539F5E}.Debug|ARM64.ActiveCfg = Debug|ARM64
		{8CDE633F-17BB-4EE2-8BF4-8BC868539F5E}.Debug|ARM64.Build.0 = Debug|ARM64
		{8CDE633F-17BB-4EE2-8BF4-8BC868539F5E}.Debug|x64.ActiveCfg = Debug|x64
		{8CDE633F-17BB-4EE2-8BF4-8BC868539F5E}.Debug|x64.Build.0 = Debug|x64
		{8CDE633F-17BB-4EE2-8BF4-8BC868539F5E}.Debug|x86.ActiveCfg = Debug|x86
		{8CDE633F-17BB-4EE2-8BF4-8BC868539F5E}.Debug|x86.Build.0 = Debug|x86
		{8CDE633F-17BB-4EE2-8BF4-8BC868539F5E}.Release|Any CPU.ActiveCfg = Release|Any CPU
		{8CDE633F-17BB-4EE2-8BF4-8BC868539F5E}.Release|Any CPU.Build.0 = Release|Any CPU
		{8CDE633F-17BB-4EE2-8BF4-8BC868539F5E}.Release|ARM.ActiveCfg = Release|ARM
		{8CDE633F-17BB-4EE2-8BF4-8BC868539F5E}.Release|ARM.Build.0 = Release|ARM
		{8CDE633F-17BB-4EE2-8BF4-8BC868539F5E}.Release|ARM64.ActiveCfg = Release|ARM64
		{8CDE633F-17BB-4EE2-8BF4-8BC868539F5E}.Release|ARM64.Build.0 = Release|ARM64
		{8CDE633F-17BB-4EE2-8BF4-8BC868539F5E}.Release|x64.ActiveCfg = Release|x64
		{8CDE633F-17BB-4EE2-8BF4-8BC868539F5E}.Release|x64.Build.0 = Release|x64
		{8CDE633F-17BB-4EE2-8BF4-8BC868539F5E}.Release|x86.ActiveCfg = Release|x86
		{8CDE633F-17BB-4EE2-8BF4-8BC868539F5E}.Release|x86.Build.0 = Release|x86
		{FC0B0A78-0831-4FF4-9583-BD1D9F785F70}.Debug|Any CPU.ActiveCfg = Debug|x86
		{FC0B0A78-0831-4FF4-9583-BD1D9F785F70}.Debug|ARM.ActiveCfg = Debug|ARM
		{FC0B0A78-0831-4FF4-9583-BD1D9F785F70}.Debug|ARM.Build.0 = Debug|ARM
		{FC0B0A78-0831-4FF4-9583-BD1D9F785F70}.Debug|ARM.Deploy.0 = Debug|ARM
		{FC0B0A78-0831-4FF4-9583-BD1D9F785F70}.Debug|ARM64.ActiveCfg = Debug|ARM64
		{FC0B0A78-0831-4FF4-9583-BD1D9F785F70}.Debug|ARM64.Build.0 = Debug|ARM64
		{FC0B0A78-0831-4FF4-9583-BD1D9F785F70}.Debug|ARM64.Deploy.0 = Debug|ARM64
		{FC0B0A78-0831-4FF4-9583-BD1D9F785F70}.Debug|x64.ActiveCfg = Debug|x64
		{FC0B0A78-0831-4FF4-9583-BD1D9F785F70}.Debug|x64.Build.0 = Debug|x64
		{FC0B0A78-0831-4FF4-9583-BD1D9F785F70}.Debug|x64.Deploy.0 = Debug|x64
		{FC0B0A78-0831-4FF4-9583-BD1D9F785F70}.Debug|x86.ActiveCfg = Debug|x86
		{FC0B0A78-0831-4FF4-9583-BD1D9F785F70}.Debug|x86.Build.0 = Debug|x86
		{FC0B0A78-0831-4FF4-9583-BD1D9F785F70}.Debug|x86.Deploy.0 = Debug|x86
		{FC0B0A78-0831-4FF4-9583-BD1D9F785F70}.Release|Any CPU.ActiveCfg = Release|x86
		{FC0B0A78-0831-4FF4-9583-BD1D9F785F70}.Release|ARM.ActiveCfg = Release|ARM
		{FC0B0A78-0831-4FF4-9583-BD1D9F785F70}.Release|ARM.Build.0 = Release|ARM
		{FC0B0A78-0831-4FF4-9583-BD1D9F785F70}.Release|ARM.Deploy.0 = Release|ARM
		{FC0B0A78-0831-4FF4-9583-BD1D9F785F70}.Release|ARM64.ActiveCfg = Release|ARM64
		{FC0B0A78-0831-4FF4-9583-BD1D9F785F70}.Release|ARM64.Build.0 = Release|ARM64
		{FC0B0A78-0831-4FF4-9583-BD1D9F785F70}.Release|ARM64.Deploy.0 = Release|ARM64
		{FC0B0A78-0831-4FF4-9583-BD1D9F785F70}.Release|x64.ActiveCfg = Release|x64
		{FC0B0A78-0831-4FF4-9583-BD1D9F785F70}.Release|x64.Build.0 = Release|x64
		{FC0B0A78-0831-4FF4-9583-BD1D9F785F70}.Release|x64.Deploy.0 = Release|x64
		{FC0B0A78-0831-4FF4-9583-BD1D9F785F70}.Release|x86.ActiveCfg = Release|x86
		{FC0B0A78-0831-4FF4-9583-BD1D9F785F70}.Release|x86.Build.0 = Release|x86
		{FC0B0A78-0831-4FF4-9583-BD1D9F785F70}.Release|x86.Deploy.0 = Release|x86
		{B6D40C02-BCA0-4D35-9108-1E23EDEE7689}.Debug|Any CPU.ActiveCfg = Debug|Any CPU
		{B6D40C02-BCA0-4D35-9108-1E23EDEE7689}.Debug|Any CPU.Build.0 = Debug|Any CPU
		{B6D40C02-BCA0-4D35-9108-1E23EDEE7689}.Debug|Any CPU.Deploy.0 = Debug|Any CPU
		{B6D40C02-BCA0-4D35-9108-1E23EDEE7689}.Debug|ARM.ActiveCfg = Debug|Any CPU
		{B6D40C02-BCA0-4D35-9108-1E23EDEE7689}.Debug|ARM.Build.0 = Debug|Any CPU
		{B6D40C02-BCA0-4D35-9108-1E23EDEE7689}.Debug|ARM.Deploy.0 = Debug|Any CPU
		{B6D40C02-BCA0-4D35-9108-1E23EDEE7689}.Debug|ARM64.ActiveCfg = Debug|Any CPU
		{B6D40C02-BCA0-4D35-9108-1E23EDEE7689}.Debug|ARM64.Build.0 = Debug|Any CPU
		{B6D40C02-BCA0-4D35-9108-1E23EDEE7689}.Debug|ARM64.Deploy.0 = Debug|Any CPU
		{B6D40C02-BCA0-4D35-9108-1E23EDEE7689}.Debug|x64.ActiveCfg = Debug|Any CPU
		{B6D40C02-BCA0-4D35-9108-1E23EDEE7689}.Debug|x64.Build.0 = Debug|Any CPU
		{B6D40C02-BCA0-4D35-9108-1E23EDEE7689}.Debug|x64.Deploy.0 = Debug|Any CPU
		{B6D40C02-BCA0-4D35-9108-1E23EDEE7689}.Debug|x86.ActiveCfg = Debug|Any CPU
		{B6D40C02-BCA0-4D35-9108-1E23EDEE7689}.Debug|x86.Build.0 = Debug|Any CPU
		{B6D40C02-BCA0-4D35-9108-1E23EDEE7689}.Debug|x86.Deploy.0 = Debug|Any CPU
		{B6D40C02-BCA0-4D35-9108-1E23EDEE7689}.Release|Any CPU.ActiveCfg = Release|Any CPU
		{B6D40C02-BCA0-4D35-9108-1E23EDEE7689}.Release|Any CPU.Build.0 = Release|Any CPU
		{B6D40C02-BCA0-4D35-9108-1E23EDEE7689}.Release|Any CPU.Deploy.0 = Release|Any CPU
		{B6D40C02-BCA0-4D35-9108-1E23EDEE7689}.Release|ARM.ActiveCfg = Release|Any CPU
		{B6D40C02-BCA0-4D35-9108-1E23EDEE7689}.Release|ARM.Build.0 = Release|Any CPU
		{B6D40C02-BCA0-4D35-9108-1E23EDEE7689}.Release|ARM.Deploy.0 = Release|Any CPU
		{B6D40C02-BCA0-4D35-9108-1E23EDEE7689}.Release|ARM64.ActiveCfg = Release|Any CPU
		{B6D40C02-BCA0-4D35-9108-1E23EDEE7689}.Release|ARM64.Build.0 = Release|Any CPU
		{B6D40C02-BCA0-4D35-9108-1E23EDEE7689}.Release|ARM64.Deploy.0 = Release|Any CPU
		{B6D40C02-BCA0-4D35-9108-1E23EDEE7689}.Release|x64.ActiveCfg = Release|Any CPU
		{B6D40C02-BCA0-4D35-9108-1E23EDEE7689}.Release|x64.Build.0 = Release|Any CPU
		{B6D40C02-BCA0-4D35-9108-1E23EDEE7689}.Release|x64.Deploy.0 = Release|Any CPU
		{B6D40C02-BCA0-4D35-9108-1E23EDEE7689}.Release|x86.ActiveCfg = Release|Any CPU
		{B6D40C02-BCA0-4D35-9108-1E23EDEE7689}.Release|x86.Build.0 = Release|Any CPU
		{B6D40C02-BCA0-4D35-9108-1E23EDEE7689}.Release|x86.Deploy.0 = Release|Any CPU
		{795C0D59-22B1-44D4-B3DE-E93165B76B66}.Debug|Any CPU.ActiveCfg = Debug|Any CPU
		{795C0D59-22B1-44D4-B3DE-E93165B76B66}.Debug|Any CPU.Build.0 = Debug|Any CPU
		{795C0D59-22B1-44D4-B3DE-E93165B76B66}.Debug|ARM.ActiveCfg = Debug|Any CPU
		{795C0D59-22B1-44D4-B3DE-E93165B76B66}.Debug|ARM.Build.0 = Debug|Any CPU
		{795C0D59-22B1-44D4-B3DE-E93165B76B66}.Debug|ARM64.ActiveCfg = Debug|Any CPU
		{795C0D59-22B1-44D4-B3DE-E93165B76B66}.Debug|ARM64.Build.0 = Debug|Any CPU
		{795C0D59-22B1-44D4-B3DE-E93165B76B66}.Debug|x64.ActiveCfg = Debug|Any CPU
		{795C0D59-22B1-44D4-B3DE-E93165B76B66}.Debug|x64.Build.0 = Debug|Any CPU
		{795C0D59-22B1-44D4-B3DE-E93165B76B66}.Debug|x86.ActiveCfg = Debug|Any CPU
		{795C0D59-22B1-44D4-B3DE-E93165B76B66}.Debug|x86.Build.0 = Debug|Any CPU
		{795C0D59-22B1-44D4-B3DE-E93165B76B66}.Release|Any CPU.ActiveCfg = Release|Any CPU
		{795C0D59-22B1-44D4-B3DE-E93165B76B66}.Release|Any CPU.Build.0 = Release|Any CPU
		{795C0D59-22B1-44D4-B3DE-E93165B76B66}.Release|ARM.ActiveCfg = Release|Any CPU
		{795C0D59-22B1-44D4-B3DE-E93165B76B66}.Release|ARM.Build.0 = Release|Any CPU
		{795C0D59-22B1-44D4-B3DE-E93165B76B66}.Release|ARM64.ActiveCfg = Release|Any CPU
		{795C0D59-22B1-44D4-B3DE-E93165B76B66}.Release|ARM64.Build.0 = Release|Any CPU
		{795C0D59-22B1-44D4-B3DE-E93165B76B66}.Release|x64.ActiveCfg = Release|Any CPU
		{795C0D59-22B1-44D4-B3DE-E93165B76B66}.Release|x64.Build.0 = Release|Any CPU
		{795C0D59-22B1-44D4-B3DE-E93165B76B66}.Release|x86.ActiveCfg = Release|Any CPU
		{795C0D59-22B1-44D4-B3DE-E93165B76B66}.Release|x86.Build.0 = Release|Any CPU
		{DC989FCB-208D-4052-8805-4D161A3A4E1E}.Debug|Any CPU.ActiveCfg = Debug|Any CPU
		{DC989FCB-208D-4052-8805-4D161A3A4E1E}.Debug|Any CPU.Build.0 = Debug|Any CPU
		{DC989FCB-208D-4052-8805-4D161A3A4E1E}.Debug|ARM.ActiveCfg = Debug|Any CPU
		{DC989FCB-208D-4052-8805-4D161A3A4E1E}.Debug|ARM.Build.0 = Debug|Any CPU
		{DC989FCB-208D-4052-8805-4D161A3A4E1E}.Debug|ARM64.ActiveCfg = Debug|Any CPU
		{DC989FCB-208D-4052-8805-4D161A3A4E1E}.Debug|ARM64.Build.0 = Debug|Any CPU
		{DC989FCB-208D-4052-8805-4D161A3A4E1E}.Debug|x64.ActiveCfg = Debug|Any CPU
		{DC989FCB-208D-4052-8805-4D161A3A4E1E}.Debug|x64.Build.0 = Debug|Any CPU
		{DC989FCB-208D-4052-8805-4D161A3A4E1E}.Debug|x86.ActiveCfg = Debug|Any CPU
		{DC989FCB-208D-4052-8805-4D161A3A4E1E}.Debug|x86.Build.0 = Debug|Any CPU
		{DC989FCB-208D-4052-8805-4D161A3A4E1E}.Release|Any CPU.ActiveCfg = Release|Any CPU
		{DC989FCB-208D-4052-8805-4D161A3A4E1E}.Release|Any CPU.Build.0 = Release|Any CPU
		{DC989FCB-208D-4052-8805-4D161A3A4E1E}.Release|ARM.ActiveCfg = Release|Any CPU
		{DC989FCB-208D-4052-8805-4D161A3A4E1E}.Release|ARM.Build.0 = Release|Any CPU
		{DC989FCB-208D-4052-8805-4D161A3A4E1E}.Release|ARM64.ActiveCfg = Release|Any CPU
		{DC989FCB-208D-4052-8805-4D161A3A4E1E}.Release|ARM64.Build.0 = Release|Any CPU
		{DC989FCB-208D-4052-8805-4D161A3A4E1E}.Release|x64.ActiveCfg = Release|Any CPU
		{DC989FCB-208D-4052-8805-4D161A3A4E1E}.Release|x64.Build.0 = Release|Any CPU
		{DC989FCB-208D-4052-8805-4D161A3A4E1E}.Release|x86.ActiveCfg = Release|Any CPU
		{DC989FCB-208D-4052-8805-4D161A3A4E1E}.Release|x86.Build.0 = Release|Any CPU
	EndGlobalSection
	GlobalSection(SolutionProperties) = preSolution
		HideSolutionNode = FALSE
	EndGlobalSection
	GlobalSection(NestedProjects) = preSolution
		{6E454C69-6DF1-49E0-AB64-DA899B9E556F} = {6F999C43-1434-433C-879A-55BA58871FCB}
		{8C8AB061-2340-4C85-9F88-C1483A964D4A} = {6F999C43-1434-433C-879A-55BA58871FCB}
		{D624FA64-07D6-47E3-AD59-5247776DE3C1} = {7B71B265-BCA7-4DE4-8688-96BE9CFEDA19}
		{194A6D63-2884-42B1-87FC-DCDFCA79088C} = {7B71B265-BCA7-4DE4-8688-96BE9CFEDA19}
		{F49748CB-1B3C-42E1-95AB-C6D905D0A188} = {A88EF31A-65EC-4DC9-BA68-33D51511C60A}
		{7757530F-D01A-4ABD-9F86-599995DC5654} = {A88EF31A-65EC-4DC9-BA68-33D51511C60A}
		{7428BD41-C5BB-4CF0-866F-636428E6C4CF} = {1A18848B-FE9C-42A2-9CC4-43EAAFBE6952}
		{DB28D17D-232E-4650-A932-7B8AF7E0D271} = {116AF5B6-5827-47C0-9F07-F8458A4B33BE}
		{29011264-06A5-4EA9-936E-C6D7991C9941} = {1A18848B-FE9C-42A2-9CC4-43EAAFBE6952}
		{8CDE633F-17BB-4EE2-8BF4-8BC868539F5E} = {1A18848B-FE9C-42A2-9CC4-43EAAFBE6952}
		{FC0B0A78-0831-4FF4-9583-BD1D9F785F70} = {1A18848B-FE9C-42A2-9CC4-43EAAFBE6952}
		{B6D40C02-BCA0-4D35-9108-1E23EDEE7689} = {1A18848B-FE9C-42A2-9CC4-43EAAFBE6952}
		{795C0D59-22B1-44D4-B3DE-E93165B76B66} = {1A18848B-FE9C-42A2-9CC4-43EAAFBE6952}
		{DC989FCB-208D-4052-8805-4D161A3A4E1E} = {1A18848B-FE9C-42A2-9CC4-43EAAFBE6952}
	EndGlobalSection
	GlobalSection(ExtensibilityGlobals) = postSolution
		SolutionGuid = {19BA4C06-28A3-4D73-8A5B-517E19256F95}
	EndGlobalSection
EndGlobal
