
Microsoft Visual Studio Solution File, Format Version 12.00
# Visual Studio Version 16
VisualStudioVersion = 16.0.29926.136
MinimumVisualStudioVersion = 10.0.40219.1
Project("{2150E333-8FDC-42A3-9474-1A3956D46DE8}") = "Application", "Application", "{6F999C43-1434-433C-879A-55BA58871FCB}"
EndProject
Project("{2150E333-8FDC-42A3-9474-1A3956D46DE8}") = "Domain", "Domain", "{7B71B265-BCA7-4DE4-8688-96BE9CFEDA19}"
EndProject
Project("{2150E333-8FDC-42A3-9474-1A3956D46DE8}") = "Infrastructure", "Infrastructure", "{A88EF31A-65EC-4DC9-BA68-33D51511C60A}"
EndProject
Project("{FAE04EC0-301F-11D3-BF4B-00C04F79EFBC}") = "Organiser.Domain.Interfaces", "Organiser\dev\Organiser.Domain.Interfaces\Organiser.Domain.Interfaces.csproj", "{662A1F61-F445-43E7-AB24-95FB9526CF41}"
EndProject
Project("{FAE04EC0-301F-11D3-BF4B-00C04F79EFBC}") = "Organiser.Domain.Models", "Organiser\dev\Organiser.Domain.Models\Organiser.Domain.Models.csproj", "{5230617B-2739-4D1B-B8EF-7DF3F3D6FC4C}"
EndProject
Project("{FAE04EC0-301F-11D3-BF4B-00C04F79EFBC}") = "Organiser.Application.Models", "Organiser\dev\Organiser.Application.Models\Organiser.Application.Models.csproj", "{20B21876-96F8-4732-946B-4D55BCF68D90}"
EndProject
Project("{FAE04EC0-301F-11D3-BF4B-00C04F79EFBC}") = "Organiser.Application.Interfaces", "Organiser\dev\Organiser.Application.Interfaces\Organiser.Application.Interfaces.csproj", "{BE1CF262-1DE1-4F6C-9D21-5FEB2265CD18}"
EndProject
Project("{FAE04EC0-301F-11D3-BF4B-00C04F79EFBC}") = "Organiser.Infrastructure.Business", "Organiser\dev\Organiser.Infrastructure.Business\Organiser.Infrastructure.Business.csproj", "{140B74C7-C372-4AF4-A6DD-6DCFFA05F512}"
EndProject
Project("{FAE04EC0-301F-11D3-BF4B-00C04F79EFBC}") = "Organiser.Infrastructure.Data", "Organiser\dev\Organiser.Infrastructure.Data\Organiser.Infrastructure.Data.csproj", "{C5666309-C21C-44D2-A92B-3E91EAA10728}"
EndProject
Project("{2150E333-8FDC-42A3-9474-1A3956D46DE8}") = "Clients", "Clients", "{424A2D2F-B0CC-4E8B-B5DC-7209C4D5A0B6}"
EndProject
Project("{FAE04EC0-301F-11D3-BF4B-00C04F79EFBC}") = "Organiser", "Organiser\dev\Organiser\Organiser.csproj", "{DFDDCF4E-D624-407C-BEEF-0B6E1831F2E7}"
EndProject
Project("{FAE04EC0-301F-11D3-BF4B-00C04F79EFBC}") = "Organiser.Controls", "Organiser\dev\Organiser.Controls\Organiser.Controls.csproj", "{78BF6C30-EB31-42C4-97E8-5AA5E8D8321A}"
EndProject
Project("{2150E333-8FDC-42A3-9474-1A3956D46DE8}") = "Platforms", "Platforms", "{6E34412D-4A24-4E28-BC9E-9374F9950BA0}"
EndProject
Project("{FAE04EC0-301F-11D3-BF4B-00C04F79EFBC}") = "Organiser.Droid", "Organiser\dev\Organiser.Droid\Organiser.Droid.csproj", "{C6AF3F5E-4568-459A-8015-B87BA7E32A22}"
EndProject
Global
	GlobalSection(SolutionConfigurationPlatforms) = preSolution
		Debug|Any CPU = Debug|Any CPU
		Debug|ARM = Debug|ARM
		Debug|ARM64 = Debug|ARM64
		Debug|x64 = Debug|x64
		Debug|x86 = Debug|x86
		Release|Any CPU = Release|Any CPU
		Release|ARM = Release|ARM
		Release|ARM64 = Release|ARM64
		Release|x64 = Release|x64
		Release|x86 = Release|x86
	EndGlobalSection
	GlobalSection(ProjectConfigurationPlatforms) = postSolution
		{662A1F61-F445-43E7-AB24-95FB9526CF41}.Debug|Any CPU.ActiveCfg = Debug|Any CPU
		{662A1F61-F445-43E7-AB24-95FB9526CF41}.Debug|Any CPU.Build.0 = Debug|Any CPU
		{662A1F61-F445-43E7-AB24-95FB9526CF41}.Debug|ARM.ActiveCfg = Debug|Any CPU
		{662A1F61-F445-43E7-AB24-95FB9526CF41}.Debug|ARM.Build.0 = Debug|Any CPU
		{662A1F61-F445-43E7-AB24-95FB9526CF41}.Debug|ARM64.ActiveCfg = Debug|Any CPU
		{662A1F61-F445-43E7-AB24-95FB9526CF41}.Debug|ARM64.Build.0 = Debug|Any CPU
		{662A1F61-F445-43E7-AB24-95FB9526CF41}.Debug|x64.ActiveCfg = Debug|Any CPU
		{662A1F61-F445-43E7-AB24-95FB9526CF41}.Debug|x64.Build.0 = Debug|Any CPU
		{662A1F61-F445-43E7-AB24-95FB9526CF41}.Debug|x86.ActiveCfg = Debug|Any CPU
		{662A1F61-F445-43E7-AB24-95FB9526CF41}.Debug|x86.Build.0 = Debug|Any CPU
		{662A1F61-F445-43E7-AB24-95FB9526CF41}.Release|Any CPU.ActiveCfg = Release|Any CPU
		{662A1F61-F445-43E7-AB24-95FB9526CF41}.Release|Any CPU.Build.0 = Release|Any CPU
		{662A1F61-F445-43E7-AB24-95FB9526CF41}.Release|ARM.ActiveCfg = Release|Any CPU
		{662A1F61-F445-43E7-AB24-95FB9526CF41}.Release|ARM.Build.0 = Release|Any CPU
		{662A1F61-F445-43E7-AB24-95FB9526CF41}.Release|ARM64.ActiveCfg = Release|Any CPU
		{662A1F61-F445-43E7-AB24-95FB9526CF41}.Release|ARM64.Build.0 = Release|Any CPU
		{662A1F61-F445-43E7-AB24-95FB9526CF41}.Release|x64.ActiveCfg = Release|Any CPU
		{662A1F61-F445-43E7-AB24-95FB9526CF41}.Release|x64.Build.0 = Release|Any CPU
		{662A1F61-F445-43E7-AB24-95FB9526CF41}.Release|x86.ActiveCfg = Release|Any CPU
		{662A1F61-F445-43E7-AB24-95FB9526CF41}.Release|x86.Build.0 = Release|Any CPU
		{5230617B-2739-4D1B-B8EF-7DF3F3D6FC4C}.Debug|Any CPU.ActiveCfg = Debug|Any CPU
		{5230617B-2739-4D1B-B8EF-7DF3F3D6FC4C}.Debug|Any CPU.Build.0 = Debug|Any CPU
		{5230617B-2739-4D1B-B8EF-7DF3F3D6FC4C}.Debug|ARM.ActiveCfg = Debug|Any CPU
		{5230617B-2739-4D1B-B8EF-7DF3F3D6FC4C}.Debug|ARM.Build.0 = Debug|Any CPU
		{5230617B-2739-4D1B-B8EF-7DF3F3D6FC4C}.Debug|ARM64.ActiveCfg = Debug|Any CPU
		{5230617B-2739-4D1B-B8EF-7DF3F3D6FC4C}.Debug|ARM64.Build.0 = Debug|Any CPU
		{5230617B-2739-4D1B-B8EF-7DF3F3D6FC4C}.Debug|x64.ActiveCfg = Debug|Any CPU
		{5230617B-2739-4D1B-B8EF-7DF3F3D6FC4C}.Debug|x64.Build.0 = Debug|Any CPU
		{5230617B-2739-4D1B-B8EF-7DF3F3D6FC4C}.Debug|x86.ActiveCfg = Debug|Any CPU
		{5230617B-2739-4D1B-B8EF-7DF3F3D6FC4C}.Debug|x86.Build.0 = Debug|Any CPU
		{5230617B-2739-4D1B-B8EF-7DF3F3D6FC4C}.Release|Any CPU.ActiveCfg = Release|Any CPU
		{5230617B-2739-4D1B-B8EF-7DF3F3D6FC4C}.Release|Any CPU.Build.0 = Release|Any CPU
		{5230617B-2739-4D1B-B8EF-7DF3F3D6FC4C}.Release|ARM.ActiveCfg = Release|Any CPU
		{5230617B-2739-4D1B-B8EF-7DF3F3D6FC4C}.Release|ARM.Build.0 = Release|Any CPU
		{5230617B-2739-4D1B-B8EF-7DF3F3D6FC4C}.Release|ARM64.ActiveCfg = Release|Any CPU
		{5230617B-2739-4D1B-B8EF-7DF3F3D6FC4C}.Release|ARM64.Build.0 = Release|Any CPU
		{5230617B-2739-4D1B-B8EF-7DF3F3D6FC4C}.Release|x64.ActiveCfg = Release|Any CPU
		{5230617B-2739-4D1B-B8EF-7DF3F3D6FC4C}.Release|x64.Build.0 = Release|Any CPU
		{5230617B-2739-4D1B-B8EF-7DF3F3D6FC4C}.Release|x86.ActiveCfg = Release|Any CPU
		{5230617B-2739-4D1B-B8EF-7DF3F3D6FC4C}.Release|x86.Build.0 = Release|Any CPU
		{20B21876-96F8-4732-946B-4D55BCF68D90}.Debug|Any CPU.ActiveCfg = Debug|Any CPU
		{20B21876-96F8-4732-946B-4D55BCF68D90}.Debug|Any CPU.Build.0 = Debug|Any CPU
		{20B21876-96F8-4732-946B-4D55BCF68D90}.Debug|ARM.ActiveCfg = Debug|Any CPU
		{20B21876-96F8-4732-946B-4D55BCF68D90}.Debug|ARM.Build.0 = Debug|Any CPU
		{20B21876-96F8-4732-946B-4D55BCF68D90}.Debug|ARM64.ActiveCfg = Debug|Any CPU
		{20B21876-96F8-4732-946B-4D55BCF68D90}.Debug|ARM64.Build.0 = Debug|Any CPU
		{20B21876-96F8-4732-946B-4D55BCF68D90}.Debug|x64.ActiveCfg = Debug|Any CPU
		{20B21876-96F8-4732-946B-4D55BCF68D90}.Debug|x64.Build.0 = Debug|Any CPU
		{20B21876-96F8-4732-946B-4D55BCF68D90}.Debug|x86.ActiveCfg = Debug|Any CPU
		{20B21876-96F8-4732-946B-4D55BCF68D90}.Debug|x86.Build.0 = Debug|Any CPU
		{20B21876-96F8-4732-946B-4D55BCF68D90}.Release|Any CPU.ActiveCfg = Release|Any CPU
		{20B21876-96F8-4732-946B-4D55BCF68D90}.Release|Any CPU.Build.0 = Release|Any CPU
		{20B21876-96F8-4732-946B-4D55BCF68D90}.Release|ARM.ActiveCfg = Release|Any CPU
		{20B21876-96F8-4732-946B-4D55BCF68D90}.Release|ARM.Build.0 = Release|Any CPU
		{20B21876-96F8-4732-946B-4D55BCF68D90}.Release|ARM64.ActiveCfg = Release|Any CPU
		{20B21876-96F8-4732-946B-4D55BCF68D90}.Release|ARM64.Build.0 = Release|Any CPU
		{20B21876-96F8-4732-946B-4D55BCF68D90}.Release|x64.ActiveCfg = Release|Any CPU
		{20B21876-96F8-4732-946B-4D55BCF68D90}.Release|x64.Build.0 = Release|Any CPU
		{20B21876-96F8-4732-946B-4D55BCF68D90}.Release|x86.ActiveCfg = Release|Any CPU
		{20B21876-96F8-4732-946B-4D55BCF68D90}.Release|x86.Build.0 = Release|Any CPU
		{BE1CF262-1DE1-4F6C-9D21-5FEB2265CD18}.Debug|Any CPU.ActiveCfg = Debug|Any CPU
		{BE1CF262-1DE1-4F6C-9D21-5FEB2265CD18}.Debug|Any CPU.Build.0 = Debug|Any CPU
		{BE1CF262-1DE1-4F6C-9D21-5FEB2265CD18}.Debug|ARM.ActiveCfg = Debug|Any CPU
		{BE1CF262-1DE1-4F6C-9D21-5FEB2265CD18}.Debug|ARM.Build.0 = Debug|Any CPU
		{BE1CF262-1DE1-4F6C-9D21-5FEB2265CD18}.Debug|ARM64.ActiveCfg = Debug|Any CPU
		{BE1CF262-1DE1-4F6C-9D21-5FEB2265CD18}.Debug|ARM64.Build.0 = Debug|Any CPU
		{BE1CF262-1DE1-4F6C-9D21-5FEB2265CD18}.Debug|x64.ActiveCfg = Debug|Any CPU
		{BE1CF262-1DE1-4F6C-9D21-5FEB2265CD18}.Debug|x64.Build.0 = Debug|Any CPU
		{BE1CF262-1DE1-4F6C-9D21-5FEB2265CD18}.Debug|x86.ActiveCfg = Debug|Any CPU
		{BE1CF262-1DE1-4F6C-9D21-5FEB2265CD18}.Debug|x86.Build.0 = Debug|Any CPU
		{BE1CF262-1DE1-4F6C-9D21-5FEB2265CD18}.Release|Any CPU.ActiveCfg = Release|Any CPU
		{BE1CF262-1DE1-4F6C-9D21-5FEB2265CD18}.Release|Any CPU.Build.0 = Release|Any CPU
		{BE1CF262-1DE1-4F6C-9D21-5FEB2265CD18}.Release|ARM.ActiveCfg = Release|Any CPU
		{BE1CF262-1DE1-4F6C-9D21-5FEB2265CD18}.Release|ARM.Build.0 = Release|Any CPU
		{BE1CF262-1DE1-4F6C-9D21-5FEB2265CD18}.Release|ARM64.ActiveCfg = Release|Any CPU
		{BE1CF262-1DE1-4F6C-9D21-5FEB2265CD18}.Release|ARM64.Build.0 = Release|Any CPU
		{BE1CF262-1DE1-4F6C-9D21-5FEB2265CD18}.Release|x64.ActiveCfg = Release|Any CPU
		{BE1CF262-1DE1-4F6C-9D21-5FEB2265CD18}.Release|x64.Build.0 = Release|Any CPU
		{BE1CF262-1DE1-4F6C-9D21-5FEB2265CD18}.Release|x86.ActiveCfg = Release|Any CPU
		{BE1CF262-1DE1-4F6C-9D21-5FEB2265CD18}.Release|x86.Build.0 = Release|Any CPU
		{140B74C7-C372-4AF4-A6DD-6DCFFA05F512}.Debug|Any CPU.ActiveCfg = Debug|Any CPU
		{140B74C7-C372-4AF4-A6DD-6DCFFA05F512}.Debug|Any CPU.Build.0 = Debug|Any CPU
		{140B74C7-C372-4AF4-A6DD-6DCFFA05F512}.Debug|ARM.ActiveCfg = Debug|Any CPU
		{140B74C7-C372-4AF4-A6DD-6DCFFA05F512}.Debug|ARM.Build.0 = Debug|Any CPU
		{140B74C7-C372-4AF4-A6DD-6DCFFA05F512}.Debug|ARM64.ActiveCfg = Debug|Any CPU
		{140B74C7-C372-4AF4-A6DD-6DCFFA05F512}.Debug|ARM64.Build.0 = Debug|Any CPU
		{140B74C7-C372-4AF4-A6DD-6DCFFA05F512}.Debug|x64.ActiveCfg = Debug|Any CPU
		{140B74C7-C372-4AF4-A6DD-6DCFFA05F512}.Debug|x64.Build.0 = Debug|Any CPU
		{140B74C7-C372-4AF4-A6DD-6DCFFA05F512}.Debug|x86.ActiveCfg = Debug|Any CPU
		{140B74C7-C372-4AF4-A6DD-6DCFFA05F512}.Debug|x86.Build.0 = Debug|Any CPU
		{140B74C7-C372-4AF4-A6DD-6DCFFA05F512}.Release|Any CPU.ActiveCfg = Release|Any CPU
		{140B74C7-C372-4AF4-A6DD-6DCFFA05F512}.Release|Any CPU.Build.0 = Release|Any CPU
		{140B74C7-C372-4AF4-A6DD-6DCFFA05F512}.Release|ARM.ActiveCfg = Release|Any CPU
		{140B74C7-C372-4AF4-A6DD-6DCFFA05F512}.Release|ARM.Build.0 = Release|Any CPU
		{140B74C7-C372-4AF4-A6DD-6DCFFA05F512}.Release|ARM64.ActiveCfg = Release|Any CPU
		{140B74C7-C372-4AF4-A6DD-6DCFFA05F512}.Release|ARM64.Build.0 = Release|Any CPU
		{140B74C7-C372-4AF4-A6DD-6DCFFA05F512}.Release|x64.ActiveCfg = Release|Any CPU
		{140B74C7-C372-4AF4-A6DD-6DCFFA05F512}.Release|x64.Build.0 = Release|Any CPU
		{140B74C7-C372-4AF4-A6DD-6DCFFA05F512}.Release|x86.ActiveCfg = Release|Any CPU
		{140B74C7-C372-4AF4-A6DD-6DCFFA05F512}.Release|x86.Build.0 = Release|Any CPU
		{C5666309-C21C-44D2-A92B-3E91EAA10728}.Debug|Any CPU.ActiveCfg = Debug|Any CPU
		{C5666309-C21C-44D2-A92B-3E91EAA10728}.Debug|Any CPU.Build.0 = Debug|Any CPU
		{C5666309-C21C-44D2-A92B-3E91EAA10728}.Debug|ARM.ActiveCfg = Debug|Any CPU
		{C5666309-C21C-44D2-A92B-3E91EAA10728}.Debug|ARM.Build.0 = Debug|Any CPU
		{C5666309-C21C-44D2-A92B-3E91EAA10728}.Debug|ARM64.ActiveCfg = Debug|Any CPU
		{C5666309-C21C-44D2-A92B-3E91EAA10728}.Debug|ARM64.Build.0 = Debug|Any CPU
		{C5666309-C21C-44D2-A92B-3E91EAA10728}.Debug|x64.ActiveCfg = Debug|Any CPU
		{C5666309-C21C-44D2-A92B-3E91EAA10728}.Debug|x64.Build.0 = Debug|Any CPU
		{C5666309-C21C-44D2-A92B-3E91EAA10728}.Debug|x86.ActiveCfg = Debug|Any CPU
		{C5666309-C21C-44D2-A92B-3E91EAA10728}.Debug|x86.Build.0 = Debug|Any CPU
		{C5666309-C21C-44D2-A92B-3E91EAA10728}.Release|Any CPU.ActiveCfg = Release|Any CPU
		{C5666309-C21C-44D2-A92B-3E91EAA10728}.Release|Any CPU.Build.0 = Release|Any CPU
		{C5666309-C21C-44D2-A92B-3E91EAA10728}.Release|ARM.ActiveCfg = Release|Any CPU
		{C5666309-C21C-44D2-A92B-3E91EAA10728}.Release|ARM.Build.0 = Release|Any CPU
		{C5666309-C21C-44D2-A92B-3E91EAA10728}.Release|ARM64.ActiveCfg = Release|Any CPU
		{C5666309-C21C-44D2-A92B-3E91EAA10728}.Release|ARM64.Build.0 = Release|Any CPU
		{C5666309-C21C-44D2-A92B-3E91EAA10728}.Release|x64.ActiveCfg = Release|Any CPU
		{C5666309-C21C-44D2-A92B-3E91EAA10728}.Release|x64.Build.0 = Release|Any CPU
		{C5666309-C21C-44D2-A92B-3E91EAA10728}.Release|x86.ActiveCfg = Release|Any CPU
		{C5666309-C21C-44D2-A92B-3E91EAA10728}.Release|x86.Build.0 = Release|Any CPU
		{DFDDCF4E-D624-407C-BEEF-0B6E1831F2E7}.Debug|Any CPU.ActiveCfg = Debug|Any CPU
		{DFDDCF4E-D624-407C-BEEF-0B6E1831F2E7}.Debug|Any CPU.Build.0 = Debug|Any CPU
		{DFDDCF4E-D624-407C-BEEF-0B6E1831F2E7}.Debug|ARM.ActiveCfg = Debug|Any CPU
		{DFDDCF4E-D624-407C-BEEF-0B6E1831F2E7}.Debug|ARM.Build.0 = Debug|Any CPU
		{DFDDCF4E-D624-407C-BEEF-0B6E1831F2E7}.Debug|ARM64.ActiveCfg = Debug|Any CPU
		{DFDDCF4E-D624-407C-BEEF-0B6E1831F2E7}.Debug|ARM64.Build.0 = Debug|Any CPU
		{DFDDCF4E-D624-407C-BEEF-0B6E1831F2E7}.Debug|x64.ActiveCfg = Debug|Any CPU
		{DFDDCF4E-D624-407C-BEEF-0B6E1831F2E7}.Debug|x64.Build.0 = Debug|Any CPU
		{DFDDCF4E-D624-407C-BEEF-0B6E1831F2E7}.Debug|x86.ActiveCfg = Debug|Any CPU
		{DFDDCF4E-D624-407C-BEEF-0B6E1831F2E7}.Debug|x86.Build.0 = Debug|Any CPU
		{DFDDCF4E-D624-407C-BEEF-0B6E1831F2E7}.Release|Any CPU.ActiveCfg = Release|Any CPU
		{DFDDCF4E-D624-407C-BEEF-0B6E1831F2E7}.Release|Any CPU.Build.0 = Release|Any CPU
		{DFDDCF4E-D624-407C-BEEF-0B6E1831F2E7}.Release|ARM.ActiveCfg = Release|Any CPU
		{DFDDCF4E-D624-407C-BEEF-0B6E1831F2E7}.Release|ARM.Build.0 = Release|Any CPU
		{DFDDCF4E-D624-407C-BEEF-0B6E1831F2E7}.Release|ARM64.ActiveCfg = Release|Any CPU
		{DFDDCF4E-D624-407C-BEEF-0B6E1831F2E7}.Release|ARM64.Build.0 = Release|Any CPU
		{DFDDCF4E-D624-407C-BEEF-0B6E1831F2E7}.Release|x64.ActiveCfg = Release|Any CPU
		{DFDDCF4E-D624-407C-BEEF-0B6E1831F2E7}.Release|x64.Build.0 = Release|Any CPU
		{DFDDCF4E-D624-407C-BEEF-0B6E1831F2E7}.Release|x86.ActiveCfg = Release|Any CPU
		{DFDDCF4E-D624-407C-BEEF-0B6E1831F2E7}.Release|x86.Build.0 = Release|Any CPU
		{78BF6C30-EB31-42C4-97E8-5AA5E8D8321A}.Debug|Any CPU.ActiveCfg = Debug|Any CPU
		{78BF6C30-EB31-42C4-97E8-5AA5E8D8321A}.Debug|Any CPU.Build.0 = Debug|Any CPU
		{78BF6C30-EB31-42C4-97E8-5AA5E8D8321A}.Debug|ARM.ActiveCfg = Debug|Any CPU
		{78BF6C30-EB31-42C4-97E8-5AA5E8D8321A}.Debug|ARM.Build.0 = Debug|Any CPU
		{78BF6C30-EB31-42C4-97E8-5AA5E8D8321A}.Debug|ARM64.ActiveCfg = Debug|Any CPU
		{78BF6C30-EB31-42C4-97E8-5AA5E8D8321A}.Debug|ARM64.Build.0 = Debug|Any CPU
		{78BF6C30-EB31-42C4-97E8-5AA5E8D8321A}.Debug|x64.ActiveCfg = Debug|Any CPU
		{78BF6C30-EB31-42C4-97E8-5AA5E8D8321A}.Debug|x64.Build.0 = Debug|Any CPU
		{78BF6C30-EB31-42C4-97E8-5AA5E8D8321A}.Debug|x86.ActiveCfg = Debug|Any CPU
		{78BF6C30-EB31-42C4-97E8-5AA5E8D8321A}.Debug|x86.Build.0 = Debug|Any CPU
		{78BF6C30-EB31-42C4-97E8-5AA5E8D8321A}.Release|Any CPU.ActiveCfg = Release|Any CPU
		{78BF6C30-EB31-42C4-97E8-5AA5E8D8321A}.Release|Any CPU.Build.0 = Release|Any CPU
		{78BF6C30-EB31-42C4-97E8-5AA5E8D8321A}.Release|ARM.ActiveCfg = Release|Any CPU
		{78BF6C30-EB31-42C4-97E8-5AA5E8D8321A}.Release|ARM.Build.0 = Release|Any CPU
		{78BF6C30-EB31-42C4-97E8-5AA5E8D8321A}.Release|ARM64.ActiveCfg = Release|Any CPU
		{78BF6C30-EB31-42C4-97E8-5AA5E8D8321A}.Release|ARM64.Build.0 = Release|Any CPU
		{78BF6C30-EB31-42C4-97E8-5AA5E8D8321A}.Release|x64.ActiveCfg = Release|Any CPU
		{78BF6C30-EB31-42C4-97E8-5AA5E8D8321A}.Release|x64.Build.0 = Release|Any CPU
		{78BF6C30-EB31-42C4-97E8-5AA5E8D8321A}.Release|x86.ActiveCfg = Release|Any CPU
		{78BF6C30-EB31-42C4-97E8-5AA5E8D8321A}.Release|x86.Build.0 = Release|Any CPU
		{C6AF3F5E-4568-459A-8015-B87BA7E32A22}.Debug|Any CPU.ActiveCfg = Debug|Any CPU
		{C6AF3F5E-4568-459A-8015-B87BA7E32A22}.Debug|Any CPU.Build.0 = Debug|Any CPU
		{C6AF3F5E-4568-459A-8015-B87BA7E32A22}.Debug|Any CPU.Deploy.0 = Debug|Any CPU
		{C6AF3F5E-4568-459A-8015-B87BA7E32A22}.Debug|ARM.ActiveCfg = Debug|Any CPU
		{C6AF3F5E-4568-459A-8015-B87BA7E32A22}.Debug|ARM.Build.0 = Debug|Any CPU
		{C6AF3F5E-4568-459A-8015-B87BA7E32A22}.Debug|ARM.Deploy.0 = Debug|Any CPU
		{C6AF3F5E-4568-459A-8015-B87BA7E32A22}.Debug|ARM64.ActiveCfg = Debug|Any CPU
		{C6AF3F5E-4568-459A-8015-B87BA7E32A22}.Debug|ARM64.Build.0 = Debug|Any CPU
		{C6AF3F5E-4568-459A-8015-B87BA7E32A22}.Debug|ARM64.Deploy.0 = Debug|Any CPU
		{C6AF3F5E-4568-459A-8015-B87BA7E32A22}.Debug|x64.ActiveCfg = Debug|Any CPU
		{C6AF3F5E-4568-459A-8015-B87BA7E32A22}.Debug|x64.Build.0 = Debug|Any CPU
		{C6AF3F5E-4568-459A-8015-B87BA7E32A22}.Debug|x64.Deploy.0 = Debug|Any CPU
		{C6AF3F5E-4568-459A-8015-B87BA7E32A22}.Debug|x86.ActiveCfg = Debug|Any CPU
		{C6AF3F5E-4568-459A-8015-B87BA7E32A22}.Debug|x86.Build.0 = Debug|Any CPU
		{C6AF3F5E-4568-459A-8015-B87BA7E32A22}.Debug|x86.Deploy.0 = Debug|Any CPU
		{C6AF3F5E-4568-459A-8015-B87BA7E32A22}.Release|Any CPU.ActiveCfg = Release|Any CPU
		{C6AF3F5E-4568-459A-8015-B87BA7E32A22}.Release|Any CPU.Build.0 = Release|Any CPU
		{C6AF3F5E-4568-459A-8015-B87BA7E32A22}.Release|Any CPU.Deploy.0 = Release|Any CPU
		{C6AF3F5E-4568-459A-8015-B87BA7E32A22}.Release|ARM.ActiveCfg = Release|Any CPU
		{C6AF3F5E-4568-459A-8015-B87BA7E32A22}.Release|ARM.Build.0 = Release|Any CPU
		{C6AF3F5E-4568-459A-8015-B87BA7E32A22}.Release|ARM.Deploy.0 = Release|Any CPU
		{C6AF3F5E-4568-459A-8015-B87BA7E32A22}.Release|ARM64.ActiveCfg = Release|Any CPU
		{C6AF3F5E-4568-459A-8015-B87BA7E32A22}.Release|ARM64.Build.0 = Release|Any CPU
		{C6AF3F5E-4568-459A-8015-B87BA7E32A22}.Release|ARM64.Deploy.0 = Release|Any CPU
		{C6AF3F5E-4568-459A-8015-B87BA7E32A22}.Release|x64.ActiveCfg = Release|Any CPU
		{C6AF3F5E-4568-459A-8015-B87BA7E32A22}.Release|x64.Build.0 = Release|Any CPU
		{C6AF3F5E-4568-459A-8015-B87BA7E32A22}.Release|x64.Deploy.0 = Release|Any CPU
		{C6AF3F5E-4568-459A-8015-B87BA7E32A22}.Release|x86.ActiveCfg = Release|Any CPU
		{C6AF3F5E-4568-459A-8015-B87BA7E32A22}.Release|x86.Build.0 = Release|Any CPU
		{C6AF3F5E-4568-459A-8015-B87BA7E32A22}.Release|x86.Deploy.0 = Release|Any CPU
	EndGlobalSection
	GlobalSection(SolutionProperties) = preSolution
		HideSolutionNode = FALSE
	EndGlobalSection
	GlobalSection(NestedProjects) = preSolution
		{662A1F61-F445-43E7-AB24-95FB9526CF41} = {7B71B265-BCA7-4DE4-8688-96BE9CFEDA19}
		{5230617B-2739-4D1B-B8EF-7DF3F3D6FC4C} = {7B71B265-BCA7-4DE4-8688-96BE9CFEDA19}
		{20B21876-96F8-4732-946B-4D55BCF68D90} = {6F999C43-1434-433C-879A-55BA58871FCB}
		{BE1CF262-1DE1-4F6C-9D21-5FEB2265CD18} = {6F999C43-1434-433C-879A-55BA58871FCB}
		{140B74C7-C372-4AF4-A6DD-6DCFFA05F512} = {A88EF31A-65EC-4DC9-BA68-33D51511C60A}
		{C5666309-C21C-44D2-A92B-3E91EAA10728} = {A88EF31A-65EC-4DC9-BA68-33D51511C60A}
		{DFDDCF4E-D624-407C-BEEF-0B6E1831F2E7} = {424A2D2F-B0CC-4E8B-B5DC-7209C4D5A0B6}
		{78BF6C30-EB31-42C4-97E8-5AA5E8D8321A} = {424A2D2F-B0CC-4E8B-B5DC-7209C4D5A0B6}
		{C6AF3F5E-4568-459A-8015-B87BA7E32A22} = {6E34412D-4A24-4E28-BC9E-9374F9950BA0}
	EndGlobalSection
	GlobalSection(ExtensibilityGlobals) = postSolution
		SolutionGuid = {19BA4C06-28A3-4D73-8A5B-517E19256F95}
	EndGlobalSection
EndGlobal
